
Microsoft Visual Studio Solution File, Format Version 12.00
# Visual Studio Version 16
VisualStudioVersion = 16.0.29613.14
MinimumVisualStudioVersion = 10.0.40219.1
Project("{FAE04EC0-301F-11D3-BF4B-00C04F79EFBC}") = "BlazorServerApp", "BlazorServerApp\BlazorServerApp.csproj", "{7C88C2A2-754B-4777-BBDD-22EB80DC7450}"
EndProject
Project("{FAE04EC0-301F-11D3-BF4B-00C04F79EFBC}") = "BlazorServerApp.Test", "BlazorServerApp.Test\BlazorServerApp.Test.csproj", "{441E4844-C627-40C2-9543-689362564022}"
EndProject
Global
	GlobalSection(SolutionConfigurationPlatforms) = preSolution
		Debug|Any CPU = Debug|Any CPU
		Release|Any CPU = Release|Any CPU
	EndGlobalSection
	GlobalSection(ProjectConfigurationPlatforms) = postSolution
		{7C88C2A2-754B-4777-BBDD-22EB80DC7450}.Debug|Any CPU.ActiveCfg = Debug|Any CPU
		{7C88C2A2-754B-4777-BBDD-22EB80DC7450}.Debug|Any CPU.Build.0 = Debug|Any CPU
		{7C88C2A2-754B-4777-BBDD-22EB80DC7450}.Release|Any CPU.ActiveCfg = Release|Any CPU
		{7C88C2A2-754B-4777-BBDD-22EB80DC7450}.Release|Any CPU.Build.0 = Release|Any CPU
		{441E4844-C627-40C2-9543-689362564022}.Debug|Any CPU.ActiveCfg = Debug|Any CPU
		{441E4844-C627-40C2-9543-689362564022}.Debug|Any CPU.Build.0 = Debug|Any CPU
		{441E4844-C627-40C2-9543-689362564022}.Release|Any CPU.ActiveCfg = Release|Any CPU
		{441E4844-C627-40C2-9543-689362564022}.Release|Any CPU.Build.0 = Release|Any CPU
	EndGlobalSection
	GlobalSection(SolutionProperties) = preSolution
		HideSolutionNode = FALSE
	EndGlobalSection
	GlobalSection(ExtensibilityGlobals) = postSolution
		SolutionGuid = {4E6A073C-DDE6-4D32-8F0F-AFBE96E06863}
	EndGlobalSection
EndGlobal
